
Microsoft Visual Studio Solution File, Format Version 12.00
# Visual Studio Version 16
VisualStudioVersion = 16.0.30330.147
MinimumVisualStudioVersion = 10.0.40219.1
Project("{9A19103F-16F7-4668-BE54-9A1E7A4F7556}") = "Quiz", "Quiz\Quiz\Quiz.csproj", "{6361B352-78F7-432D-BC0D-63007020DC14}"
EndProject
Project("{9A19103F-16F7-4668-BE54-9A1E7A4F7556}") = "DataBase", "Quiz\DataBase\DataBase.csproj", "{65415C48-33CD-475E-AACE-B05F6B9150E7}"
EndProject
Global
	GlobalSection(SolutionConfigurationPlatforms) = preSolution
		Debug|Any CPU = Debug|Any CPU
		Release|Any CPU = Release|Any CPU
	EndGlobalSection
	GlobalSection(ProjectConfigurationPlatforms) = postSolution
		{6361B352-78F7-432D-BC0D-63007020DC14}.Debug|Any CPU.ActiveCfg = Debug|Any CPU
		{6361B352-78F7-432D-BC0D-63007020DC14}.Debug|Any CPU.Build.0 = Debug|Any CPU
		{6361B352-78F7-432D-BC0D-63007020DC14}.Release|Any CPU.ActiveCfg = Release|Any CPU
		{6361B352-78F7-432D-BC0D-63007020DC14}.Release|Any CPU.Build.0 = Release|Any CPU
		{65415C48-33CD-475E-AACE-B05F6B9150E7}.Debug|Any CPU.ActiveCfg = Debug|Any CPU
		{65415C48-33CD-475E-AACE-B05F6B9150E7}.Debug|Any CPU.Build.0 = Debug|Any CPU
		{65415C48-33CD-475E-AACE-B05F6B9150E7}.Release|Any CPU.ActiveCfg = Release|Any CPU
		{65415C48-33CD-475E-AACE-B05F6B9150E7}.Release|Any CPU.Build.0 = Release|Any CPU
	EndGlobalSection
	GlobalSection(SolutionProperties) = preSolution
		HideSolutionNode = FALSE
	EndGlobalSection
	GlobalSection(ExtensibilityGlobals) = postSolution
		SolutionGuid = {2F642704-A447-4A39-A21E-3E1F8B981788}
	EndGlobalSection
EndGlobal
